
Microsoft Visual Studio Solution File, Format Version 12.00
# Visual Studio Version 17
VisualStudioVersion = 17.0.32014.148
MinimumVisualStudioVersion = 10.0.40219.1
Project("{FAE04EC0-301F-11D3-BF4B-00C04F79EFBC}") = "WebApiForPortfolio", "WebApiForPortfolio\WebApiForPortfolio.csproj", "{CCA916DD-1801-44A1-A6D0-4B7E2EEB5247}"
EndProject
Global
	GlobalSection(SolutionConfigurationPlatforms) = preSolution
		Debug|Any CPU = Debug|Any CPU
		Release|Any CPU = Release|Any CPU
	EndGlobalSection
	GlobalSection(ProjectConfigurationPlatforms) = postSolution
		{CCA916DD-1801-44A1-A6D0-4B7E2EEB5247}.Debug|Any CPU.ActiveCfg = Debug|Any CPU
		{CCA916DD-1801-44A1-A6D0-4B7E2EEB5247}.Debug|Any CPU.Build.0 = Debug|Any CPU
		{CCA916DD-1801-44A1-A6D0-4B7E2EEB5247}.Release|Any CPU.ActiveCfg = Release|Any CPU
		{CCA916DD-1801-44A1-A6D0-4B7E2EEB5247}.Release|Any CPU.Build.0 = Release|Any CPU
	EndGlobalSection
	GlobalSection(SolutionProperties) = preSolution
		HideSolutionNode = FALSE
	EndGlobalSection
	GlobalSection(ExtensibilityGlobals) = postSolution
		SolutionGuid = {FA47C34B-4F93-4A5A-9541-B9E92F5CF576}
	EndGlobalSection
EndGlobal
